
Microsoft Visual Studio Solution File, Format Version 12.00
# Visual Studio Version 17
VisualStudioVersion = 17.10.35013.160
MinimumVisualStudioVersion = 10.0.40219.1
Project("{9A19103F-16F7-4668-BE54-9A1E7A4F7556}") = "MusicSimi", "MusicSimi\MusicSimi.csproj", "{B3101FC1-561C-4B44-A018-7AC0A58E22F3}"
EndProject
Project("{9A19103F-16F7-4668-BE54-9A1E7A4F7556}") = "UnitTest", "UnitTest\UnitTest.csproj", "{EA805654-8CD1-4DB3-A8BC-6C9644FA97E2}"
EndProject
Project("{9A19103F-16F7-4668-BE54-9A1E7A4F7556}") = "MusicSimi.Core", "MusicSimi.Core\MusicSimi.Core.csproj", "{4ABE612A-7B18-47DC-9E37-2DE639F4CEAB}"
EndProject
Project("{9A19103F-16F7-4668-BE54-9A1E7A4F7556}") = "MusicSimi.Data", "MusicSimi.Data\MusicSimi.Data.csproj", "{0A3AE000-79EE-417E-A35B-36F9F0C87F83}"
EndProject
Project("{9A19103F-16F7-4668-BE54-9A1E7A4F7556}") = "MusicSimi.Service", "MusicSimi.Service\MusicSimi.Service.csproj", "{76877233-2C84-4BD4-934A-5C2A2008C309}"
EndProject
Global
	GlobalSection(SolutionConfigurationPlatforms) = preSolution
		Debug|Any CPU = Debug|Any CPU
		Release|Any CPU = Release|Any CPU
	EndGlobalSection
	GlobalSection(ProjectConfigurationPlatforms) = postSolution
		{B3101FC1-561C-4B44-A018-7AC0A58E22F3}.Debug|Any CPU.ActiveCfg = Debug|Any CPU
		{B3101FC1-561C-4B44-A018-7AC0A58E22F3}.Debug|Any CPU.Build.0 = Debug|Any CPU
		{B3101FC1-561C-4B44-A018-7AC0A58E22F3}.Release|Any CPU.ActiveCfg = Release|Any CPU
		{B3101FC1-561C-4B44-A018-7AC0A58E22F3}.Release|Any CPU.Build.0 = Release|Any CPU
		{EA805654-8CD1-4DB3-A8BC-6C9644FA97E2}.Debug|Any CPU.ActiveCfg = Debug|Any CPU
		{EA805654-8CD1-4DB3-A8BC-6C9644FA97E2}.Debug|Any CPU.Build.0 = Debug|Any CPU
		{EA805654-8CD1-4DB3-A8BC-6C9644FA97E2}.Release|Any CPU.ActiveCfg = Release|Any CPU
		{EA805654-8CD1-4DB3-A8BC-6C9644FA97E2}.Release|Any CPU.Build.0 = Release|Any CPU
		{4ABE612A-7B18-47DC-9E37-2DE639F4CEAB}.Debug|Any CPU.ActiveCfg = Debug|Any CPU
		{4ABE612A-7B18-47DC-9E37-2DE639F4CEAB}.Debug|Any CPU.Build.0 = Debug|Any CPU
		{4ABE612A-7B18-47DC-9E37-2DE639F4CEAB}.Release|Any CPU.ActiveCfg = Release|Any CPU
		{4ABE612A-7B18-47DC-9E37-2DE639F4CEAB}.Release|Any CPU.Build.0 = Release|Any CPU
		{0A3AE000-79EE-417E-A35B-36F9F0C87F83}.Debug|Any CPU.ActiveCfg = Debug|Any CPU
		{0A3AE000-79EE-417E-A35B-36F9F0C87F83}.Debug|Any CPU.Build.0 = Debug|Any CPU
		{0A3AE000-79EE-417E-A35B-36F9F0C87F83}.Release|Any CPU.ActiveCfg = Release|Any CPU
		{0A3AE000-79EE-417E-A35B-36F9F0C87F83}.Release|Any CPU.Build.0 = Release|Any CPU
		{76877233-2C84-4BD4-934A-5C2A2008C309}.Debug|Any CPU.ActiveCfg = Debug|Any CPU
		{76877233-2C84-4BD4-934A-5C2A2008C309}.Debug|Any CPU.Build.0 = Debug|Any CPU
		{76877233-2C84-4BD4-934A-5C2A2008C309}.Release|Any CPU.ActiveCfg = Release|Any CPU
		{76877233-2C84-4BD4-934A-5C2A2008C309}.Release|Any CPU.Build.0 = Release|Any CPU
	EndGlobalSection
	GlobalSection(SolutionProperties) = preSolution
		HideSolutionNode = FALSE
	EndGlobalSection
	GlobalSection(ExtensibilityGlobals) = postSolution
		SolutionGuid = {E7168832-63FA-4525-9535-C0150E4DC593}
	EndGlobalSection
EndGlobal
